
Microsoft Visual Studio Solution File, Format Version 12.00
# Visual Studio Version 17
VisualStudioVersion = 17.0.32126.317
MinimumVisualStudioVersion = 10.0.40219.1
Project("{9A19103F-16F7-4668-BE54-9A1E7A4F7556}") = "AsyncProgramming", "AsyncProgramming.csproj", "{1CDEAD7F-FF9F-40E9-8E31-586E0A72F9AD}"
EndProject
Global
	GlobalSection(SolutionConfigurationPlatforms) = preSolution
		Debug|Any CPU = Debug|Any CPU
		Release|Any CPU = Release|Any CPU
	EndGlobalSection
	GlobalSection(ProjectConfigurationPlatforms) = postSolution
		{1CDEAD7F-FF9F-40E9-8E31-586E0A72F9AD}.Debug|Any CPU.ActiveCfg = Debug|Any CPU
		{1CDEAD7F-FF9F-40E9-8E31-586E0A72F9AD}.Debug|Any CPU.Build.0 = Debug|Any CPU
		{1CDEAD7F-FF9F-40E9-8E31-586E0A72F9AD}.Release|Any CPU.ActiveCfg = Release|Any CPU
		{1CDEAD7F-FF9F-40E9-8E31-586E0A72F9AD}.Release|Any CPU.Build.0 = Release|Any CPU
	EndGlobalSection
	GlobalSection(SolutionProperties) = preSolution
		HideSolutionNode = FALSE
	EndGlobalSection
	GlobalSection(ExtensibilityGlobals) = postSolution
		SolutionGuid = {98D63D56-55F8-4A76-B690-05C4D774D817}
	EndGlobalSection
EndGlobal
